{
  "name": "vs-code",
  "version": "1.0.0",
  "lockfileVersion": 1,
  "requires": true,
  "dependencies": {
    "amdefine": {
      "version": "1.0.1",
      "resolved": "https://registry.npmjs.org/amdefine/-/amdefine-1.0.1.tgz",
      "integrity": "sha1-SlKCrBZHKek2Gbz9OtFR+BfOkfU="
    },
    "async": {
      "version": "0.2.10",
      "resolved": "https://registry.npmjs.org/async/-/async-0.2.10.tgz",
      "integrity": "sha1-trvgsGdLnXGXCMo43owjfLUmw9E="
    },
    "batch": {
      "version": "0.5.0",
      "resolved": "https://registry.npmjs.org/batch/-/batch-0.5.0.tgz",
      "integrity": "sha1-/S4Fp6XWlrTbkxQBPihdj/NVfsM="
    },
    "buffer-crc32": {
      "version": "0.2.1",
      "resolved": "https://registry.npmjs.org/buffer-crc32/-/buffer-crc32-0.2.1.tgz",
      "integrity": "sha1-vj5TgvwCttYySVasGvmKqYsIU0w="
    },
    "bytes": {
      "version": "0.2.1",
      "resolved": "https://registry.npmjs.org/bytes/-/bytes-0.2.1.tgz",
      "integrity": "sha1-VVsIq8sGP4l1kFMCUj5M1P/f3zE="
    },
    "commander": {
      "version": "1.3.2",
      "resolved": "https://registry.npmjs.org/commander/-/commander-1.3.2.tgz",
      "integrity": "sha1-io8w7GcKb91kr1LxkUuQfXnq1bU=",
      "requires": {
        "keypress": "0.1.x"
      }
    },
    "connect": {
      "version": "2.12.0",
      "resolved": "https://registry.npmjs.org/connect/-/connect-2.12.0.tgz",
      "integrity": "sha1-Mdj6DcrN8ZCNgivSkjvootKn7Zo=",
      "requires": {
        "batch": "0.5.0",
        "buffer-crc32": "0.2.1",
        "bytes": "0.2.1",
        "cookie": "0.1.0",
        "cookie-signature": "1.0.1",
        "debug": ">= 0.7.3 < 1",
        "fresh": "0.2.0",
        "methods": "0.1.0",
        "multiparty": "2.2.0",
        "negotiator": "0.3.0",
        "pause": "0.0.1",
        "qs": "0.6.6",
        "raw-body": "1.1.2",
        "send": "0.1.4",
        "uid2": "0.0.3"
      }
    },
    "cookie": {
      "version": "0.1.0",
      "resolved": "https://registry.npmjs.org/cookie/-/cookie-0.1.0.tgz",
      "integrity": "sha1-kOtGndzpBchm3mh+/EMTHYgB+dA="
    },
    "cookie-signature": {
      "version": "1.0.1",
      "resolved": "https://registry.npmjs.org/cookie-signature/-/cookie-signature-1.0.1.tgz",
      "integrity": "sha1-ROByFIrwHm6OJK+/EmkNaK5pjss="
    },
    "core-util-is": {
      "version": "1.0.2",
      "resolved": "https://registry.npmjs.org/core-util-is/-/core-util-is-1.0.2.tgz",
      "integrity": "sha1-tf1UIgqivFq1eqtxQMlAdUUDwac="
    },
    "debug": {
      "version": "0.8.1",
      "resolved": "https://registry.npmjs.org/debug/-/debug-0.8.1.tgz",
      "integrity": "sha1-IP9NJvXkIstoobrLu2EDmtjBwTA="
    },
    "detect-libc": {
      "version": "1.0.3",
      "resolved": "https://registry.npmjs.org/detect-libc/-/detect-libc-1.0.3.tgz",
      "integrity": "sha1-+hN8S9aY7fVc1c0CrFWfkaTEups="
    },
    "express": {
      "version": "3.4.8",
      "resolved": "https://registry.npmjs.org/express/-/express-3.4.8.tgz",
      "integrity": "sha1-qnqJht4HBTM39Lxe2aZFPZzI4uE=",
      "requires": {
        "buffer-crc32": "0.2.1",
        "commander": "1.3.2",
        "connect": "2.12.0",
        "cookie": "0.1.0",
        "cookie-signature": "1.0.1",
        "debug": ">= 0.7.3 < 1",
        "fresh": "0.2.0",
        "merge-descriptors": "0.0.1",
        "methods": "0.1.0",
        "mkdirp": "0.3.5",
        "range-parser": "0.0.4",
        "send": "0.1.4"
      }
    },
    "fibers": {
      "version": "4.0.1",
      "resolved": "https://registry.npmjs.org/fibers/-/fibers-4.0.1.tgz",
      "integrity": "sha512-H79EJn7DMWXk48ygmC82bMP8KNcFBZF1CPfwBpYF6cO85hGWoIrlu7eyX9ayxfjP9Nsl0JXxdI6fpYU4DWVw2w==",
      "requires": {
        "detect-libc": "^1.0.3"
      }
    },
    "fresh": {
      "version": "0.2.0",
      "resolved": "https://registry.npmjs.org/fresh/-/fresh-0.2.0.tgz",
      "integrity": "sha1-v9lALPPfEsSkwxDHn5mj3eE9NKc="
    },
    "inherits": {
      "version": "2.0.4",
      "resolved": "https://registry.npmjs.org/inherits/-/inherits-2.0.4.tgz",
      "integrity": "sha512-k/vGaX4/Yla3WzyMCvTQOXYeIHvqOKtnqBduzTHpzpQZzAskKMhZ2K+EnBiSM9zGSoIFeMpXKxa4dYeZIQqewQ=="
    },
    "isarray": {
      "version": "0.0.1",
      "resolved": "https://registry.npmjs.org/isarray/-/isarray-0.0.1.tgz",
      "integrity": "sha1-ihis/Kmo9Bd+Cav8YDiTmwXR7t8="
    },
    "keypress": {
      "version": "0.1.0",
      "resolved": "https://registry.npmjs.org/keypress/-/keypress-0.1.0.tgz",
      "integrity": "sha1-SjGI1CkbZrT2XtuZ+AaqmuKTWSo="
    },
    "merge-descriptors": {
      "version": "0.0.1",
      "resolved": "https://registry.npmjs.org/merge-descriptors/-/merge-descriptors-0.0.1.tgz",
      "integrity": "sha1-L/CYDJJM+B0LXR+2ARd8uLtWwNA="
    },
    "methods": {
      "version": "0.1.0",
      "resolved": "https://registry.npmjs.org/methods/-/methods-0.1.0.tgz",
      "integrity": "sha1-M11Cnu/SG3us8unJIqjSvRSjDk8="
    },
    "mime": {
      "version": "1.2.11",
      "resolved": "https://registry.npmjs.org/mime/-/mime-1.2.11.tgz",
      "integrity": "sha1-WCA+7Ybjpe8XrtK32evUfwpg3RA="
    },
    "mkdirp": {
      "version": "0.3.5",
      "resolved": "https://registry.npmjs.org/mkdirp/-/mkdirp-0.3.5.tgz",
      "integrity": "sha1-3j5fiWHIjHh+4TaN+EmsRBPsqNc="
    },
    "multiparty": {
      "version": "2.2.0",
      "resolved": "https://registry.npmjs.org/multiparty/-/multiparty-2.2.0.tgz",
      "integrity": "sha1-pWfCrwAK0i3I8qZT2Rl4rh9TFvQ=",
      "requires": {
        "readable-stream": "~1.1.9",
        "stream-counter": "~0.2.0"
      }
    },
    "negotiator": {
      "version": "0.3.0",
      "resolved": "https://registry.npmjs.org/negotiator/-/negotiator-0.3.0.tgz",
      "integrity": "sha1-cG1pLv7d9XTVfqn7GriaT6fuj2A="
    },
    "node.js": {
      "version": "0.0.0",
      "resolved": "https://registry.npmjs.org/node.js/-/node.js-0.0.0.tgz",
      "integrity": "sha1-UI4G+Wudm/h/5r+oTs6zF5T8HIc=",
      "requires": {
        "express": "~3.4.0"
      }
    },
    "optimist": {
      "version": "0.3.7",
      "resolved": "https://registry.npmjs.org/optimist/-/optimist-0.3.7.tgz",
      "integrity": "sha1-yQlBrVnkJzMokjB00s8ufLxuwNk=",
      "requires": {
        "wordwrap": "~0.0.2"
      }
    },
    "pause": {
      "version": "0.0.1",
      "resolved": "https://registry.npmjs.org/pause/-/pause-0.0.1.tgz",
      "integrity": "sha1-HUCLP9t2kjuVQ9lvtMnf1TXZy10="
    },
    "qs": {
      "version": "0.6.6",
      "resolved": "https://registry.npmjs.org/qs/-/qs-0.6.6.tgz",
      "integrity": "sha1-bgFQmP9RlouKPIGQAdXyyJvEsQc="
    },
    "range-parser": {
      "version": "0.0.4",
      "resolved": "https://registry.npmjs.org/range-parser/-/range-parser-0.0.4.tgz",
      "integrity": "sha1-wEJ//vUcEKy6B4KkbJYC50T/Ygs="
    },
    "raw-body": {
      "version": "1.1.2",
      "resolved": "https://registry.npmjs.org/raw-body/-/raw-body-1.1.2.tgz",
      "integrity": "sha1-x0swBN6l3v0WlhcRBqx0DsMdYr4=",
      "requires": {
        "bytes": "~0.2.1"
      }
    },
    "read-line": {
      "version": "0.1.2",
      "resolved": "https://registry.npmjs.org/read-line/-/read-line-0.1.2.tgz",
      "integrity": "sha1-uLKz8mWJ1kphEqINjB1/OJA3QDU="
    },
    "readable-stream": {
      "version": "1.1.14",
      "resolved": "https://registry.npmjs.org/readable-stream/-/readable-stream-1.1.14.tgz",
      "integrity": "sha1-fPTFTvZI44EwhMY23SB54WbAgdk=",
      "requires": {
        "core-util-is": "~1.0.0",
        "inherits": "~2.0.1",
        "isarray": "0.0.1",
        "string_decoder": "~0.10.x"
      }
    },
    "readline": {
      "version": "1.3.0",
      "resolved": "https://registry.npmjs.org/readline/-/readline-1.3.0.tgz",
      "integrity": "sha1-xYDXfvLPyHUrEySYBg3JeTp6wBw="
    },
    "readline-sync": {
      "version": "1.4.10",
      "resolved": "https://registry.npmjs.org/readline-sync/-/readline-sync-1.4.10.tgz",
      "integrity": "sha512-gNva8/6UAe8QYepIQH/jQ2qn91Qj0B9sYjMBBs3QOB8F2CXcKgLxQaJRP76sWVRQt+QU+8fAkCbCvjjMFu7Ycw=="
    },
    "require": {
      "version": "2.4.20",
      "resolved": "https://registry.npmjs.org/require/-/require-2.4.20.tgz",
      "integrity": "sha1-Zstrqqu2XeinHXk/XGX9GE83mLY=",
      "requires": {
        "std": "0.1.40",
        "uglify-js": "2.3.0"
      }
    },
    "send": {
      "version": "0.1.4",
      "resolved": "https://registry.npmjs.org/send/-/send-0.1.4.tgz",
      "integrity": "sha1-vnDY0b4B3mGCGvE3gLUDRaT3Gr0=",
      "requires": {
        "debug": "*",
        "fresh": "0.2.0",
        "mime": "~1.2.9",
        "range-parser": "0.0.4"
      }
    },
    "source-map": {
      "version": "0.1.43",
      "resolved": "https://registry.npmjs.org/source-map/-/source-map-0.1.43.tgz",
      "integrity": "sha1-wkvBRspRfBRx9drL4lcbK3+eM0Y=",
      "requires": {
        "amdefine": ">=0.0.4"
      }
    },
    "std": {
      "version": "0.1.40",
      "resolved": "https://registry.npmjs.org/std/-/std-0.1.40.tgz",
      "integrity": "sha1-Nnil9lCU2eG2teJu2/wCErg0K3E="
    },
    "stream-counter": {
      "version": "0.2.0",
      "resolved": "https://registry.npmjs.org/stream-counter/-/stream-counter-0.2.0.tgz",
      "integrity": "sha1-3tJmVWMZyLDiIoErnPOyb6fZR94=",
      "requires": {
        "readable-stream": "~1.1.8"
      }
    },
    "string_decoder": {
      "version": "0.10.31",
      "resolved": "https://registry.npmjs.org/string_decoder/-/string_decoder-0.10.31.tgz",
      "integrity": "sha1-YuIDvEF2bGwoyfyEMB2rHFMQ+pQ="
    },
    "sync": {
      "version": "0.2.5",
      "resolved": "https://registry.npmjs.org/sync/-/sync-0.2.5.tgz",
      "integrity": "sha1-ORC7m2ar7lZULi5w8M5UkDElLfY=",
      "requires": {
        "fibers": ">=0.6"
      }
    },
    "uglify-js": {
      "version": "2.3.0",
      "resolved": "https://registry.npmjs.org/uglify-js/-/uglify-js-2.3.0.tgz",
      "integrity": "sha1-LN7BbTeKiituz7aYl4TPi3rlSR8=",
      "requires": {
        "async": "~0.2.6",
        "optimist": "~0.3.5",
        "source-map": "~0.1.7"
      }
    },
    "uid2": {
      "version": "0.0.3",
      "resolved": "https://registry.npmjs.org/uid2/-/uid2-0.0.3.tgz",
      "integrity": "sha1-SDEm4Rd03y9xuLY53NeZw3YWK4I="
    },
    "wordwrap": {
      "version": "0.0.3",
      "resolved": "https://registry.npmjs.org/wordwrap/-/wordwrap-0.0.3.tgz",
      "integrity": "sha1-o9XabNXAvAAI03I0u68b7WMFkQc="
    }
  }
}
